
Microsoft Visual Studio Solution File, Format Version 12.00
# Visual Studio Version 17
VisualStudioVersion = 17.8.34330.188
MinimumVisualStudioVersion = 10.0.40219.1
Project("{9A19103F-16F7-4668-BE54-9A1E7A4F7556}") = "Lesson 1", "Lesson 1\Lesson 1.csproj", "{0B59FFE1-0185-443A-A173-8ED8429ED190}"
EndProject
Project("{9A19103F-16F7-4668-BE54-9A1E7A4F7556}") = "Lesson 4", "Lesson 4\Lesson 4.csproj", "{D68DD45E-C63A-47C7-8CD2-D6673E7C18C7}"
EndProject
Project("{9A19103F-16F7-4668-BE54-9A1E7A4F7556}") = "Lesson 5", "Lesson 5\Lesson 5.csproj", "{09EF594A-16D7-4287-A34D-1D4BE3FB65C1}"
EndProject
Project("{9A19103F-16F7-4668-BE54-9A1E7A4F7556}") = "Lesson 6", "Lesson 6\Lesson 6.csproj", "{EA0AEB73-F31B-41ED-AFE1-569EA3880FF8}"
EndProject
Project("{9A19103F-16F7-4668-BE54-9A1E7A4F7556}") = "Lesson 7", "Lesson 7\Lesson 7.csproj", "{961CA6F1-F16C-450E-9A0B-D17BAE5E8EEA}"
EndProject
Project("{9A19103F-16F7-4668-BE54-9A1E7A4F7556}") = "Lesson 8", "Lesson 8\Lesson 8.csproj", "{F5FF6CA8-1FA1-4DDA-A204-C6B254149ABC}"
EndProject
Project("{9A19103F-16F7-4668-BE54-9A1E7A4F7556}") = "Lesson 9", "Lesson 9\Lesson 9.csproj", "{464314BE-F860-4608-BDA5-94DF1369F2DB}"
EndProject
Project("{9A19103F-16F7-4668-BE54-9A1E7A4F7556}") = "Lesson 10", "Lesson 10\Lesson 10.csproj", "{57EB4E94-42FA-46C3-9713-12BA2EFCBDDC}"
EndProject
Project("{9A19103F-16F7-4668-BE54-9A1E7A4F7556}") = "Lesson 11", "Lesson 11\Lesson 11.csproj", "{EC7B8FEE-673E-49A6-AAE8-5D9F8AE9ABCF}"
EndProject
Project("{9A19103F-16F7-4668-BE54-9A1E7A4F7556}") = "Lesson 12", "Lesson 12\Lesson 12.csproj", "{31602E8D-F5EF-4DF3-92DB-15E2CA5F5373}"
EndProject
Project("{9A19103F-16F7-4668-BE54-9A1E7A4F7556}") = "Test2", "Test2\Test2.csproj", "{CB772240-009D-4C47-9CBC-38414B774535}"
EndProject
Project("{9A19103F-16F7-4668-BE54-9A1E7A4F7556}") = "Lesson 13", "Lesson 13\Lesson 13.csproj", "{8F32D166-6B4D-418C-A5E4-CF3D55250DBE}"
EndProject
Project("{9A19103F-16F7-4668-BE54-9A1E7A4F7556}") = "Lesson 14", "Lesson 14\Lesson 14.csproj", "{EBFBB3AA-74B1-4B8A-A026-B3BF541D1FE2}"
EndProject
Project("{9A19103F-16F7-4668-BE54-9A1E7A4F7556}") = "Lesson 15", "Lesson 15\Lesson 15.csproj", "{31AECE27-2EDB-41A7-9247-444F37AD90FD}"
EndProject
Project("{9A19103F-16F7-4668-BE54-9A1E7A4F7556}") = "Lesson 16", "Lesson 16\Lesson 16.csproj", "{54CD0B5D-C8B3-4DF5-9012-795249A4A480}"
EndProject
Project("{9A19103F-16F7-4668-BE54-9A1E7A4F7556}") = "Lesson 17", "Lesson 17\Lesson 17.csproj", "{9C000BDF-4013-4C05-8EC1-D8FD01C4FE99}"
EndProject
Project("{9A19103F-16F7-4668-BE54-9A1E7A4F7556}") = "Lesson 18", "Lesson 18\Lesson 18.csproj", "{5A9C95C8-CC29-4128-A8E8-5D7A750A5EA2}"
EndProject
Project("{9A19103F-16F7-4668-BE54-9A1E7A4F7556}") = "Lesson 19", "Lesson 19\Lesson 19.csproj", "{19A9C543-E66F-4814-9CF9-6D88827964AE}"
EndProject
Project("{9A19103F-16F7-4668-BE54-9A1E7A4F7556}") = "Lesson 20", "Lesson 20\Lesson 20.csproj", "{36D9015A-87E9-4CC4-91F7-3CC87B08DB83}"
EndProject
Project("{9A19103F-16F7-4668-BE54-9A1E7A4F7556}") = "Lesson 21", "Lesson 21\Lesson 21.csproj", "{52B723D4-E067-4090-9DF9-3672499243F5}"
EndProject
Project("{9A19103F-16F7-4668-BE54-9A1E7A4F7556}") = "Lesson 22", "Lesson 22\Lesson 22.csproj", "{ADF5A0E9-C5ED-4561-AB21-337845C6EEBB}"
EndProject
Project("{9A19103F-16F7-4668-BE54-9A1E7A4F7556}") = "Lesson 23", "Lesson 23\Lesson 23.csproj", "{23FDB934-2B47-4CFC-AC0E-AFD59FF2BB41}"
EndProject
Project("{9A19103F-16F7-4668-BE54-9A1E7A4F7556}") = "Lesson 23 WF", "Lesson 23 WF\Lesson 23 WF.csproj", "{F24D055D-4005-461D-986A-47CA01DB756B}"
EndProject
Project("{9A19103F-16F7-4668-BE54-9A1E7A4F7556}") = "Lesson 25", "Lesson 25\Lesson 25.csproj", "{FBB6259B-140B-4502-8322-1F98A0A3C8F8}"
EndProject
Project("{FAE04EC0-301F-11D3-BF4B-00C04F79EFBC}") = "Lesson 31", "Lesson 31\Lesson 31.csproj", "{FD688DD0-3A78-44FF-89EE-8765679B6741}"
EndProject
Global
	GlobalSection(SolutionConfigurationPlatforms) = preSolution
		Debug|Any CPU = Debug|Any CPU
		Release|Any CPU = Release|Any CPU
	EndGlobalSection
	GlobalSection(ProjectConfigurationPlatforms) = postSolution
		{0B59FFE1-0185-443A-A173-8ED8429ED190}.Debug|Any CPU.ActiveCfg = Debug|Any CPU
		{0B59FFE1-0185-443A-A173-8ED8429ED190}.Debug|Any CPU.Build.0 = Debug|Any CPU
		{0B59FFE1-0185-443A-A173-8ED8429ED190}.Release|Any CPU.ActiveCfg = Release|Any CPU
		{0B59FFE1-0185-443A-A173-8ED8429ED190}.Release|Any CPU.Build.0 = Release|Any CPU
		{D68DD45E-C63A-47C7-8CD2-D6673E7C18C7}.Debug|Any CPU.ActiveCfg = Debug|Any CPU
		{D68DD45E-C63A-47C7-8CD2-D6673E7C18C7}.Debug|Any CPU.Build.0 = Debug|Any CPU
		{D68DD45E-C63A-47C7-8CD2-D6673E7C18C7}.Release|Any CPU.ActiveCfg = Release|Any CPU
		{D68DD45E-C63A-47C7-8CD2-D6673E7C18C7}.Release|Any CPU.Build.0 = Release|Any CPU
		{09EF594A-16D7-4287-A34D-1D4BE3FB65C1}.Debug|Any CPU.ActiveCfg = Debug|Any CPU
		{09EF594A-16D7-4287-A34D-1D4BE3FB65C1}.Debug|Any CPU.Build.0 = Debug|Any CPU
		{09EF594A-16D7-4287-A34D-1D4BE3FB65C1}.Release|Any CPU.ActiveCfg = Release|Any CPU
		{09EF594A-16D7-4287-A34D-1D4BE3FB65C1}.Release|Any CPU.Build.0 = Release|Any CPU
		{EA0AEB73-F31B-41ED-AFE1-569EA3880FF8}.Debug|Any CPU.ActiveCfg = Debug|Any CPU
		{EA0AEB73-F31B-41ED-AFE1-569EA3880FF8}.Debug|Any CPU.Build.0 = Debug|Any CPU
		{EA0AEB73-F31B-41ED-AFE1-569EA3880FF8}.Release|Any CPU.ActiveCfg = Release|Any CPU
		{EA0AEB73-F31B-41ED-AFE1-569EA3880FF8}.Release|Any CPU.Build.0 = Release|Any CPU
		{961CA6F1-F16C-450E-9A0B-D17BAE5E8EEA}.Debug|Any CPU.ActiveCfg = Debug|Any CPU
		{961CA6F1-F16C-450E-9A0B-D17BAE5E8EEA}.Debug|Any CPU.Build.0 = Debug|Any CPU
		{961CA6F1-F16C-450E-9A0B-D17BAE5E8EEA}.Release|Any CPU.ActiveCfg = Release|Any CPU
		{961CA6F1-F16C-450E-9A0B-D17BAE5E8EEA}.Release|Any CPU.Build.0 = Release|Any CPU
		{F5FF6CA8-1FA1-4DDA-A204-C6B254149ABC}.Debug|Any CPU.ActiveCfg = Debug|Any CPU
		{F5FF6CA8-1FA1-4DDA-A204-C6B254149ABC}.Debug|Any CPU.Build.0 = Debug|Any CPU
		{F5FF6CA8-1FA1-4DDA-A204-C6B254149ABC}.Release|Any CPU.ActiveCfg = Release|Any CPU
		{F5FF6CA8-1FA1-4DDA-A204-C6B254149ABC}.Release|Any CPU.Build.0 = Release|Any CPU
		{464314BE-F860-4608-BDA5-94DF1369F2DB}.Debug|Any CPU.ActiveCfg = Debug|Any CPU
		{464314BE-F860-4608-BDA5-94DF1369F2DB}.Debug|Any CPU.Build.0 = Debug|Any CPU
		{464314BE-F860-4608-BDA5-94DF1369F2DB}.Release|Any CPU.ActiveCfg = Release|Any CPU
		{464314BE-F860-4608-BDA5-94DF1369F2DB}.Release|Any CPU.Build.0 = Release|Any CPU
		{57EB4E94-42FA-46C3-9713-12BA2EFCBDDC}.Debug|Any CPU.ActiveCfg = Debug|Any CPU
		{57EB4E94-42FA-46C3-9713-12BA2EFCBDDC}.Debug|Any CPU.Build.0 = Debug|Any CPU
		{57EB4E94-42FA-46C3-9713-12BA2EFCBDDC}.Release|Any CPU.ActiveCfg = Release|Any CPU
		{57EB4E94-42FA-46C3-9713-12BA2EFCBDDC}.Release|Any CPU.Build.0 = Release|Any CPU
		{EC7B8FEE-673E-49A6-AAE8-5D9F8AE9ABCF}.Debug|Any CPU.ActiveCfg = Debug|Any CPU
		{EC7B8FEE-673E-49A6-AAE8-5D9F8AE9ABCF}.Debug|Any CPU.Build.0 = Debug|Any CPU
		{EC7B8FEE-673E-49A6-AAE8-5D9F8AE9ABCF}.Release|Any CPU.ActiveCfg = Release|Any CPU
		{EC7B8FEE-673E-49A6-AAE8-5D9F8AE9ABCF}.Release|Any CPU.Build.0 = Release|Any CPU
		{31602E8D-F5EF-4DF3-92DB-15E2CA5F5373}.Debug|Any CPU.ActiveCfg = Debug|Any CPU
		{31602E8D-F5EF-4DF3-92DB-15E2CA5F5373}.Debug|Any CPU.Build.0 = Debug|Any CPU
		{31602E8D-F5EF-4DF3-92DB-15E2CA5F5373}.Release|Any CPU.ActiveCfg = Release|Any CPU
		{31602E8D-F5EF-4DF3-92DB-15E2CA5F5373}.Release|Any CPU.Build.0 = Release|Any CPU
		{CB772240-009D-4C47-9CBC-38414B774535}.Debug|Any CPU.ActiveCfg = Debug|Any CPU
		{CB772240-009D-4C47-9CBC-38414B774535}.Debug|Any CPU.Build.0 = Debug|Any CPU
		{CB772240-009D-4C47-9CBC-38414B774535}.Release|Any CPU.ActiveCfg = Release|Any CPU
		{CB772240-009D-4C47-9CBC-38414B774535}.Release|Any CPU.Build.0 = Release|Any CPU
		{8F32D166-6B4D-418C-A5E4-CF3D55250DBE}.Debug|Any CPU.ActiveCfg = Debug|Any CPU
		{8F32D166-6B4D-418C-A5E4-CF3D55250DBE}.Debug|Any CPU.Build.0 = Debug|Any CPU
		{8F32D166-6B4D-418C-A5E4-CF3D55250DBE}.Release|Any CPU.ActiveCfg = Release|Any CPU
		{8F32D166-6B4D-418C-A5E4-CF3D55250DBE}.Release|Any CPU.Build.0 = Release|Any CPU
		{EBFBB3AA-74B1-4B8A-A026-B3BF541D1FE2}.Debug|Any CPU.ActiveCfg = Debug|Any CPU
		{EBFBB3AA-74B1-4B8A-A026-B3BF541D1FE2}.Debug|Any CPU.Build.0 = Debug|Any CPU
		{EBFBB3AA-74B1-4B8A-A026-B3BF541D1FE2}.Release|Any CPU.ActiveCfg = Release|Any CPU
		{EBFBB3AA-74B1-4B8A-A026-B3BF541D1FE2}.Release|Any CPU.Build.0 = Release|Any CPU
		{31AECE27-2EDB-41A7-9247-444F37AD90FD}.Debug|Any CPU.ActiveCfg = Debug|Any CPU
		{31AECE27-2EDB-41A7-9247-444F37AD90FD}.Debug|Any CPU.Build.0 = Debug|Any CPU
		{31AECE27-2EDB-41A7-9247-444F37AD90FD}.Release|Any CPU.ActiveCfg = Release|Any CPU
		{31AECE27-2EDB-41A7-9247-444F37AD90FD}.Release|Any CPU.Build.0 = Release|Any CPU
		{54CD0B5D-C8B3-4DF5-9012-795249A4A480}.Debug|Any CPU.ActiveCfg = Debug|Any CPU
		{54CD0B5D-C8B3-4DF5-9012-795249A4A480}.Debug|Any CPU.Build.0 = Debug|Any CPU
		{54CD0B5D-C8B3-4DF5-9012-795249A4A480}.Release|Any CPU.ActiveCfg = Release|Any CPU
		{54CD0B5D-C8B3-4DF5-9012-795249A4A480}.Release|Any CPU.Build.0 = Release|Any CPU
		{9C000BDF-4013-4C05-8EC1-D8FD01C4FE99}.Debug|Any CPU.ActiveCfg = Debug|Any CPU
		{9C000BDF-4013-4C05-8EC1-D8FD01C4FE99}.Debug|Any CPU.Build.0 = Debug|Any CPU
		{9C000BDF-4013-4C05-8EC1-D8FD01C4FE99}.Release|Any CPU.ActiveCfg = Release|Any CPU
		{9C000BDF-4013-4C05-8EC1-D8FD01C4FE99}.Release|Any CPU.Build.0 = Release|Any CPU
		{5A9C95C8-CC29-4128-A8E8-5D7A750A5EA2}.Debug|Any CPU.ActiveCfg = Debug|Any CPU
		{5A9C95C8-CC29-4128-A8E8-5D7A750A5EA2}.Debug|Any CPU.Build.0 = Debug|Any CPU
		{5A9C95C8-CC29-4128-A8E8-5D7A750A5EA2}.Release|Any CPU.ActiveCfg = Release|Any CPU
		{5A9C95C8-CC29-4128-A8E8-5D7A750A5EA2}.Release|Any CPU.Build.0 = Release|Any CPU
		{19A9C543-E66F-4814-9CF9-6D88827964AE}.Debug|Any CPU.ActiveCfg = Debug|Any CPU
		{19A9C543-E66F-4814-9CF9-6D88827964AE}.Debug|Any CPU.Build.0 = Debug|Any CPU
		{19A9C543-E66F-4814-9CF9-6D88827964AE}.Release|Any CPU.ActiveCfg = Release|Any CPU
		{19A9C543-E66F-4814-9CF9-6D88827964AE}.Release|Any CPU.Build.0 = Release|Any CPU
		{36D9015A-87E9-4CC4-91F7-3CC87B08DB83}.Debug|Any CPU.ActiveCfg = Debug|Any CPU
		{36D9015A-87E9-4CC4-91F7-3CC87B08DB83}.Debug|Any CPU.Build.0 = Debug|Any CPU
		{36D9015A-87E9-4CC4-91F7-3CC87B08DB83}.Release|Any CPU.ActiveCfg = Release|Any CPU
		{36D9015A-87E9-4CC4-91F7-3CC87B08DB83}.Release|Any CPU.Build.0 = Release|Any CPU
		{52B723D4-E067-4090-9DF9-3672499243F5}.Debug|Any CPU.ActiveCfg = Debug|Any CPU
		{52B723D4-E067-4090-9DF9-3672499243F5}.Debug|Any CPU.Build.0 = Debug|Any CPU
		{52B723D4-E067-4090-9DF9-3672499243F5}.Release|Any CPU.ActiveCfg = Release|Any CPU
		{52B723D4-E067-4090-9DF9-3672499243F5}.Release|Any CPU.Build.0 = Release|Any CPU
		{ADF5A0E9-C5ED-4561-AB21-337845C6EEBB}.Debug|Any CPU.ActiveCfg = Debug|Any CPU
		{ADF5A0E9-C5ED-4561-AB21-337845C6EEBB}.Debug|Any CPU.Build.0 = Debug|Any CPU
		{ADF5A0E9-C5ED-4561-AB21-337845C6EEBB}.Release|Any CPU.ActiveCfg = Release|Any CPU
		{ADF5A0E9-C5ED-4561-AB21-337845C6EEBB}.Release|Any CPU.Build.0 = Release|Any CPU
		{23FDB934-2B47-4CFC-AC0E-AFD59FF2BB41}.Debug|Any CPU.ActiveCfg = Debug|Any CPU
		{23FDB934-2B47-4CFC-AC0E-AFD59FF2BB41}.Debug|Any CPU.Build.0 = Debug|Any CPU
		{23FDB934-2B47-4CFC-AC0E-AFD59FF2BB41}.Release|Any CPU.ActiveCfg = Release|Any CPU
		{23FDB934-2B47-4CFC-AC0E-AFD59FF2BB41}.Release|Any CPU.Build.0 = Release|Any CPU
		{F24D055D-4005-461D-986A-47CA01DB756B}.Debug|Any CPU.ActiveCfg = Debug|Any CPU
		{F24D055D-4005-461D-986A-47CA01DB756B}.Debug|Any CPU.Build.0 = Debug|Any CPU
		{F24D055D-4005-461D-986A-47CA01DB756B}.Release|Any CPU.ActiveCfg = Release|Any CPU
		{F24D055D-4005-461D-986A-47CA01DB756B}.Release|Any CPU.Build.0 = Release|Any CPU
		{FBB6259B-140B-4502-8322-1F98A0A3C8F8}.Debug|Any CPU.ActiveCfg = Debug|Any CPU
		{FBB6259B-140B-4502-8322-1F98A0A3C8F8}.Debug|Any CPU.Build.0 = Debug|Any CPU
		{FBB6259B-140B-4502-8322-1F98A0A3C8F8}.Release|Any CPU.ActiveCfg = Release|Any CPU
		{FBB6259B-140B-4502-8322-1F98A0A3C8F8}.Release|Any CPU.Build.0 = Release|Any CPU
		{FD688DD0-3A78-44FF-89EE-8765679B6741}.Debug|Any CPU.ActiveCfg = Debug|Any CPU
		{FD688DD0-3A78-44FF-89EE-8765679B6741}.Debug|Any CPU.Build.0 = Debug|Any CPU
		{FD688DD0-3A78-44FF-89EE-8765679B6741}.Release|Any CPU.ActiveCfg = Release|Any CPU
		{FD688DD0-3A78-44FF-89EE-8765679B6741}.Release|Any CPU.Build.0 = Release|Any CPU
	EndGlobalSection
	GlobalSection(SolutionProperties) = preSolution
		HideSolutionNode = FALSE
	EndGlobalSection
	GlobalSection(ExtensibilityGlobals) = postSolution
		SolutionGuid = {707D885C-4FA9-468A-84E1-558AFB37E56A}
	EndGlobalSection
EndGlobal
